Microsoft Visual Studio Solution File, Format Version 12.00
# Visual Studio Version 17
VisualStudioVersion = 17.5.2.0
MinimumVisualStudioVersion = 10.0.40219.1
Project("{FAE04EC0-301F-11D3-BF4B-00C04F79EFBC}") = "Dcit318-assignment1-11108240", "Dcit318-assignment1-11108240.csproj", "{2E65C887-2301-AB1A-F1B1-33222A4B63CC}"
EndProject
Global
	GlobalSection(SolutionConfigurationPlatforms) = preSolution
		Debug|Any CPU = Debug|Any CPU
		Release|Any CPU = Release|Any CPU
	EndGlobalSection
	GlobalSection(ProjectConfigurationPlatforms) = postSolution
		{2E65C887-2301-AB1A-F1B1-33222A4B63CC}.Debug|Any CPU.ActiveCfg = Debug|Any CPU
		{2E65C887-2301-AB1A-F1B1-33222A4B63CC}.Debug|Any CPU.Build.0 = Debug|Any CPU
		{2E65C887-2301-AB1A-F1B1-33222A4B63CC}.Release|Any CPU.ActiveCfg = Release|Any CPU
		{2E65C887-2301-AB1A-F1B1-33222A4B63CC}.Release|Any CPU.Build.0 = Release|Any CPU
	EndGlobalSection
	GlobalSection(SolutionProperties) = preSolution
		HideSolutionNode = FALSE
	EndGlobalSection
	GlobalSection(ExtensibilityGlobals) = postSolution
		SolutionGuid = {FA448EAA-D4AA-45E2-84AA-BCB49A65F113}
	EndGlobalSection
EndGlobal
